// !$*UTF8*$!
{
	archiveVersion = 1;
	classes = {
	};
	objectVersion = 56;
	objects = {

/* Begin PBXBuildFile section */
		3D82627A2A99D4C300B5CA15 /* MainCollectionViewCell.swift in Sources */ = {isa = PBXBuildFile; fileRef = 3D8262792A99D4C300B5CA15 /* MainCollectionViewCell.swift */; };
		3D82627D2A99D52400B5CA15 /* CellReusingUtils.swift in Sources */ = {isa = PBXBuildFile; fileRef = 3D82627C2A99D52400B5CA15 /* CellReusingUtils.swift */; };
		3D8262802A99D96200B5CA15 /* Colors.swift in Sources */ = {isa = PBXBuildFile; fileRef = 3D82627F2A99D96200B5CA15 /* Colors.swift */; };
		3D8262832A99E7EF00B5CA15 /* Strings.swift in Sources */ = {isa = PBXBuildFile; fileRef = 3D8262822A99E7EF00B5CA15 /* Strings.swift */; };
		3D8262862A99ECAB00B5CA15 /* Advertisement.swift in Sources */ = {isa = PBXBuildFile; fileRef = 3D8262852A99ECAB00B5CA15 /* Advertisement.swift */; };
		3D8262882A99FB1500B5CA15 /* MainInteractor.swift in Sources */ = {isa = PBXBuildFile; fileRef = 3D8262872A99FB1500B5CA15 /* MainInteractor.swift */; };
		3D82628A2A99FB1E00B5CA15 /* MainPresenter.swift in Sources */ = {isa = PBXBuildFile; fileRef = 3D8262892A99FB1E00B5CA15 /* MainPresenter.swift */; };
		3D82628C2A99FC8100B5CA15 /* AppConfiguration.swift in Sources */ = {isa = PBXBuildFile; fileRef = 3D82628B2A99FC8100B5CA15 /* AppConfiguration.swift */; };
		3DC9DF5A2A979106008E394F /* AppDelegate.swift in Sources */ = {isa = PBXBuildFile; fileRef = 3DC9DF592A979106008E394F /* AppDelegate.swift */; };
		3DC9DF5C2A979106008E394F /* SceneDelegate.swift in Sources */ = {isa = PBXBuildFile; fileRef = 3DC9DF5B2A979106008E394F /* SceneDelegate.swift */; };
		3DC9DF5E2A979106008E394F /* MainViewController.swift in Sources */ = {isa = PBXBuildFile; fileRef = 3DC9DF5D2A979106008E394F /* MainViewController.swift */; };
		3DC9DF632A979107008E394F /* Assets.xcassets in Resources */ = {isa = PBXBuildFile; fileRef = 3DC9DF622A979107008E394F /* Assets.xcassets */; };
		3DC9DF662A979107008E394F /* LaunchScreen.storyboard in Resources */ = {isa = PBXBuildFile; fileRef = 3DC9DF642A979107008E394F /* LaunchScreen.storyboard */; };
/* End PBXBuildFile section */

/* Begin PBXFileReference section */
		3D8262792A99D4C300B5CA15 /* MainCollectionViewCell.swift */ = {isa = PBXFileReference; lastKnownFileType = sourcecode.swift; path = MainCollectionViewCell.swift; sourceTree = "<group>"; };
		3D82627C2A99D52400B5CA15 /* CellReusingUtils.swift */ = {isa = PBXFileReference; lastKnownFileType = sourcecode.swift; path = CellReusingUtils.swift; sourceTree = "<group>"; };
		3D82627F2A99D96200B5CA15 /* Colors.swift */ = {isa = PBXFileReference; lastKnownFileType = sourcecode.swift; path = Colors.swift; sourceTree = "<group>"; };
		3D8262822A99E7EF00B5CA15 /* Strings.swift */ = {isa = PBXFileReference; lastKnownFileType = sourcecode.swift; path = Strings.swift; sourceTree = "<group>"; };
		3D8262852A99ECAB00B5CA15 /* Advertisement.swift */ = {isa = PBXFileReference; lastKnownFileType = sourcecode.swift; path = Advertisement.swift; sourceTree = "<group>"; };
		3D8262872A99FB1500B5CA15 /* MainInteractor.swift */ = {isa = PBXFileReference; lastKnownFileType = sourcecode.swift; path = MainInteractor.swift; sourceTree = "<group>"; };
		3D8262892A99FB1E00B5CA15 /* MainPresenter.swift */ = {isa = PBXFileReference; lastKnownFileType = sourcecode.swift; path = MainPresenter.swift; sourceTree = "<group>"; };
		3D82628B2A99FC8100B5CA15 /* AppConfiguration.swift */ = {isa = PBXFileReference; lastKnownFileType = sourcecode.swift; path = AppConfiguration.swift; sourceTree = "<group>"; };
		3DC9DF562A979106008E394F /* PetClassified.app */ = {isa = PBXFileReference; explicitFileType = wrapper.application; includeInIndex = 0; path = PetClassified.app; sourceTree = BUILT_PRODUCTS_DIR; };
		3DC9DF592A979106008E394F /* AppDelegate.swift */ = {isa = PBXFileReference; lastKnownFileType = sourcecode.swift; path = AppDelegate.swift; sourceTree = "<group>"; };
		3DC9DF5B2A979106008E394F /* SceneDelegate.swift */ = {isa = PBXFileReference; lastKnownFileType = sourcecode.swift; path = SceneDelegate.swift; sourceTree = "<group>"; };
		3DC9DF5D2A979106008E394F /* MainViewController.swift */ = {isa = PBXFileReference; lastKnownFileType = sourcecode.swift; path = MainViewController.swift; sourceTree = "<group>"; };
		3DC9DF622A979107008E394F /* Assets.xcassets */ = {isa = PBXFileReference; lastKnownFileType = folder.assetcatalog; path = Assets.xcassets; sourceTree = "<group>"; };
		3DC9DF652A979107008E394F /* Base */ = {isa = PBXFileReference; lastKnownFileType = file.storyboard; name = Base; path = Base.lproj/LaunchScreen.storyboard; sourceTree = "<group>"; };
		3DC9DF672A979107008E394F /* Info.plist */ = {isa = PBXFileReference; lastKnownFileType = text.plist.xml; path = Info.plist; sourceTree = "<group>"; };
/* End PBXFileReference section */

/* Begin PBXFrameworksBuildPhase section */
		3DC9DF532A979106008E394F /* Frameworks */ = {
			isa = PBXFrameworksBuildPhase;
			buildActionMask = 2147483647;
			files = (
			);
			runOnlyForDeploymentPostprocessing = 0;
		};
/* End PBXFrameworksBuildPhase section */

/* Begin PBXGroup section */
		3D8262782A99BC7F00B5CA15 /* Scenes */ = {
			isa = PBXGroup;
			children = (
				3DC9DF5D2A979106008E394F /* MainViewController.swift */,
				3D8262872A99FB1500B5CA15 /* MainInteractor.swift */,
				3D8262892A99FB1E00B5CA15 /* MainPresenter.swift */,
				3D8262792A99D4C300B5CA15 /* MainCollectionViewCell.swift */,
			);
			path = Scenes;
			sourceTree = "<group>";
		};
		3D82627B2A99D4E300B5CA15 /* Foundation */ = {
			isa = PBXGroup;
			children = (
				3D82627C2A99D52400B5CA15 /* CellReusingUtils.swift */,
			);
			path = Foundation;
			sourceTree = "<group>";
		};
		3D82627E2A99D93B00B5CA15 /* DesignSystem */ = {
			isa = PBXGroup;
			children = (
				3D82627F2A99D96200B5CA15 /* Colors.swift */,
			);
			path = DesignSystem;
			sourceTree = "<group>";
		};
		3D8262812A99E7D900B5CA15 /* Helpers */ = {
			isa = PBXGroup;
			children = (
				3D8262822A99E7EF00B5CA15 /* Strings.swift */,
			);
			path = Helpers;
			sourceTree = "<group>";
		};
		3D8262842A99EC8A00B5CA15 /* Models */ = {
			isa = PBXGroup;
			children = (
				3D8262852A99ECAB00B5CA15 /* Advertisement.swift */,
			);
			path = Models;
			sourceTree = "<group>";
		};
		3DC9DF4D2A979106008E394F = {
			isa = PBXGroup;
			children = (
				3DC9DF582A979106008E394F /* PetClassified */,
				3DC9DF572A979106008E394F /* Products */,
			);
			sourceTree = "<group>";
		};
		3DC9DF572A979106008E394F /* Products */ = {
			isa = PBXGroup;
			children = (
				3DC9DF562A979106008E394F /* PetClassified.app */,
			);
			name = Products;
			sourceTree = "<group>";
		};
		3DC9DF582A979106008E394F /* PetClassified */ = {
			isa = PBXGroup;
			children = (
				3DC9DF592A979106008E394F /* AppDelegate.swift */,
				3DC9DF5B2A979106008E394F /* SceneDelegate.swift */,
				3D82628B2A99FC8100B5CA15 /* AppConfiguration.swift */,
				3D82627E2A99D93B00B5CA15 /* DesignSystem */,
				3D82627B2A99D4E300B5CA15 /* Foundation */,
				3D8262782A99BC7F00B5CA15 /* Scenes */,
				3D8262842A99EC8A00B5CA15 /* Models */,
				3D8262812A99E7D900B5CA15 /* Helpers */,
				3DC9DF622A979107008E394F /* Assets.xcassets */,
				3DC9DF642A979107008E394F /* LaunchScreen.storyboard */,
				3DC9DF672A979107008E394F /* Info.plist */,
			);
			path = PetClassified;
			sourceTree = "<group>";
		};
/* End PBXGroup section */

/* Begin PBXNativeTarget section */
		3DC9DF552A979106008E394F /* PetClassified */ = {
			isa = PBXNativeTarget;
			buildConfigurationList = 3DC9DF6A2A979107008E394F /* Build configuration list for PBXNativeTarget "PetClassified" */;
			buildPhases = (
				3DC9DF522A979106008E394F /* Sources */,
				3DC9DF532A979106008E394F /* Frameworks */,
				3DC9DF542A979106008E394F /* Resources */,
			);
			buildRules = (
			);
			dependencies = (
			);
			name = PetClassified;
			productName = PetClassified;
			productReference = 3DC9DF562A979106008E394F /* PetClassified.app */;
			productType = "com.apple.product-type.application";
		};
/* End PBXNativeTarget section */

/* Begin PBXProject section */
		3DC9DF4E2A979106008E394F /* Project object */ = {
			isa = PBXProject;
			attributes = {
				BuildIndependentTargetsInParallel = 1;
				LastSwiftUpdateCheck = 1430;
				LastUpgradeCheck = 1430;
				TargetAttributes = {
					3DC9DF552A979106008E394F = {
						CreatedOnToolsVersion = 14.3.1;
					};
				};
			};
			buildConfigurationList = 3DC9DF512A979106008E394F /* Build configuration list for PBXProject "PetClassified" */;
			compatibilityVersion = "Xcode 14.0";
			developmentRegion = en;
			hasScannedForEncodings = 0;
			knownRegions = (
				en,
				Base,
			);
			mainGroup = 3DC9DF4D2A979106008E394F;
			productRefGroup = 3DC9DF572A979106008E394F /* Products */;
			projectDirPath = "";
			projectRoot = "";
			targets = (
				3DC9DF552A979106008E394F /* PetClassified */,
			);
		};
/* End PBXProject section */

/* Begin PBXResourcesBuildPhase section */
		3DC9DF542A979106008E394F /* Resources */ = {
			isa = PBXResourcesBuildPhase;
			buildActionMask = 2147483647;
			files = (
				3DC9DF662A979107008E394F /* LaunchScreen.storyboard in Resources */,
				3DC9DF632A979107008E394F /* Assets.xcassets in Resources */,
			);
			runOnlyForDeploymentPostprocessing = 0;
		};
/* End PBXResourcesBuildPhase section */

/* Begin PBXSourcesBuildPhase section */
		3DC9DF522A979106008E394F /* Sources */ = {
			isa = PBXSourcesBuildPhase;
			buildActionMask = 2147483647;
			files = (
				3DC9DF5E2A979106008E394F /* MainViewController.swift in Sources */,
				3D8262802A99D96200B5CA15 /* Colors.swift in Sources */,
				3D8262862A99ECAB00B5CA15 /* Advertisement.swift in Sources */,
				3D82627D2A99D52400B5CA15 /* CellReusingUtils.swift in Sources */,
				3DC9DF5A2A979106008E394F /* AppDelegate.swift in Sources */,
				3D82628C2A99FC8100B5CA15 /* AppConfiguration.swift in Sources */,
				3D82628A2A99FB1E00B5CA15 /* MainPresenter.swift in Sources */,
				3D8262882A99FB1500B5CA15 /* MainInteractor.swift in Sources */,
				3DC9DF5C2A979106008E394F /* SceneDelegate.swift in Sources */,
				3D82627A2A99D4C300B5CA15 /* MainCollectionViewCell.swift in Sources */,
				3D8262832A99E7EF00B5CA15 /* Strings.swift in Sources */,
			);
			runOnlyForDeploymentPostprocessing = 0;
		};
/* End PBXSourcesBuildPhase section */

/* Begin PBXVariantGroup section */
		3DC9DF642A979107008E394F /* LaunchScreen.storyboard */ = {
			isa = PBXVariantGroup;
			children = (
				3DC9DF652A979107008E394F /* Base */,
			);
			name = LaunchScreen.storyboard;
			sourceTree = "<group>";
		};
/* End PBXVariantGroup section */

/* Begin XCBuildConfiguration section */
		3DC9DF682A979107008E394F /* Debug */ = {
			isa = XCBuildConfiguration;
			buildSettings = {
				ALWAYS_SEARCH_USER_PATHS = NO;
				CLANG_ANALYZER_NONNULL = YES;
				CLANG_ANALYZER_NUMBER_OBJECT_CONVERSION = YES_AGGRESSIVE;
				CLANG_CXX_LANGUAGE_STANDARD = "gnu++20";
				CLANG_ENABLE_MODULES = YES;
				CLANG_ENABLE_OBJC_ARC = YES;
				CLANG_ENABLE_OBJC_WEAK = YES;
				CLANG_WARN_BLOCK_CAPTURE_AUTORELEASING = YES;
				CLANG_WARN_BOOL_CONVERSION = YES;
				CLANG_WARN_COMMA = YES;
				CLANG_WARN_CONSTANT_CONVERSION = YES;
				CLANG_WARN_DEPRECATED_OBJC_IMPLEMENTATIONS = YES;
				CLANG_WARN_DIRECT_OBJC_ISA_USAGE = YES_ERROR;
				CLANG_WARN_DOCUMENTATION_COMMENTS = YES;
				CLANG_WARN_EMPTY_BODY = YES;
				CLANG_WARN_ENUM_CONVERSION = YES;
				CLANG_WARN_INFINITE_RECURSION = YES;
				CLANG_WARN_INT_CONVERSION = YES;
				CLANG_WARN_NON_LITERAL_NULL_CONVERSION = YES;
				CLANG_WARN_OBJC_IMPLICIT_RETAIN_SELF = YES;
				CLANG_WARN_OBJC_LITERAL_CONVERSION = YES;
				CLANG_WARN_OBJC_ROOT_CLASS = YES_ERROR;
				CLANG_WARN_QUOTED_INCLUDE_IN_FRAMEWORK_HEADER = YES;
				CLANG_WARN_RANGE_LOOP_ANALYSIS = YES;
				CLANG_WARN_STRICT_PROTOTYPES = YES;
				CLANG_WARN_SUSPICIOUS_MOVE = YES;
				CLANG_WARN_UNGUARDED_AVAILABILITY = YES_AGGRESSIVE;
				CLANG_WARN_UNREACHABLE_CODE = YES;
				CLANG_WARN__DUPLICATE_METHOD_MATCH = YES;
				COPY_PHASE_STRIP = NO;
				DEBUG_INFORMATION_FORMAT = dwarf;
				ENABLE_STRICT_OBJC_MSGSEND = YES;
				ENABLE_TESTABILITY = YES;
				GCC_C_LANGUAGE_STANDARD = gnu11;
				GCC_DYNAMIC_NO_PIC = NO;
				GCC_NO_COMMON_BLOCKS = YES;
				GCC_OPTIMIZATION_LEVEL = 0;
				GCC_PREPROCESSOR_DEFINITIONS = (
					"DEBUG=1",
					"$(inherited)",
				);
				GCC_WARN_64_TO_32_BIT_CONVERSION = YES;
				GCC_WARN_ABOUT_RETURN_TYPE = YES_ERROR;
				GCC_WARN_UNDECLARED_SELECTOR = YES;
				GCC_WARN_UNINITIALIZED_AUTOS = YES_AGGRESSIVE;
				GCC_WARN_UNUSED_FUNCTION = YES;
				GCC_WARN_UNUSED_VARIABLE = YES;
				IPHONEOS_DEPLOYMENT_TARGET = 16.4;
				MTL_ENABLE_DEBUG_INFO = INCLUDE_SOURCE;
				MTL_FAST_MATH = YES;
				ONLY_ACTIVE_ARCH = YES;
				SDKROOT = iphoneos;
				SWIFT_ACTIVE_COMPILATION_CONDITIONS = DEBUG;
				SWIFT_OPTIMIZATION_LEVEL = "-Onone";
			};
			name = Debug;
		};
		3DC9DF692A979107008E394F /* Release */ = {
			isa = XCBuildConfiguration;
			buildSettings = {
				ALWAYS_SEARCH_USER_PATHS = NO;
				CLANG_ANALYZER_NONNULL = YES;
				CLANG_ANALYZER_NUMBER_OBJECT_CONVERSION = YES_AGGRESSIVE;
				CLANG_CXX_LANGUAGE_STANDARD = "gnu++20";
				CLANG_ENABLE_MODULES = YES;
				CLANG_ENABLE_OBJC_ARC = YES;
				CLANG_ENABLE_OBJC_WEAK = YES;
				CLANG_WARN_BLOCK_CAPTURE_AUTORELEASING = YES;
				CLANG_WARN_BOOL_CONVERSION = YES;
				CLANG_WARN_COMMA = YES;
				CLANG_WARN_CONSTANT_CONVERSION = YES;
				CLANG_WARN_DEPRECATED_OBJC_IMPLEMENTATIONS = YES;
				CLANG_WARN_DIRECT_OBJC_ISA_USAGE = YES_ERROR;
				CLANG_WARN_DOCUMENTATION_COMMENTS = YES;
				CLANG_WARN_EMPTY_BODY = YES;
				CLANG_WARN_ENUM_CONVERSION = YES;
				CLANG_WARN_INFINITE_RECURSION = YES;
				CLANG_WARN_INT_CONVERSION = YES;
				CLANG_WARN_NON_LITERAL_NULL_CONVERSION = YES;
				CLANG_WARN_OBJC_IMPLICIT_RETAIN_SELF = YES;
				CLANG_WARN_OBJC_LITERAL_CONVERSION = YES;
				CLANG_WARN_OBJC_ROOT_CLASS = YES_ERROR;
				CLANG_WARN_QUOTED_INCLUDE_IN_FRAMEWORK_HEADER = YES;
				CLANG_WARN_RANGE_LOOP_ANALYSIS = YES;
				CLANG_WARN_STRICT_PROTOTYPES = YES;
				CLANG_WARN_SUSPICIOUS_MOVE = YES;
				CLANG_WARN_UNGUARDED_AVAILABILITY = YES_AGGRESSIVE;
				CLANG_WARN_UNREACHABLE_CODE = YES;
				CLANG_WARN__DUPLICATE_METHOD_MATCH = YES;
				COPY_PHASE_STRIP = NO;
				DEBUG_INFORMATION_FORMAT = "dwarf-with-dsym";
				ENABLE_NS_ASSERTIONS = NO;
				ENABLE_STRICT_OBJC_MSGSEND = YES;
				GCC_C_LANGUAGE_STANDARD = gnu11;
				GCC_NO_COMMON_BLOCKS = YES;
				GCC_WARN_64_TO_32_BIT_CONVERSION = YES;
				GCC_WARN_ABOUT_RETURN_TYPE = YES_ERROR;
				GCC_WARN_UNDECLARED_SELECTOR = YES;
				GCC_WARN_UNINITIALIZED_AUTOS = YES_AGGRESSIVE;
				GCC_WARN_UNUSED_FUNCTION = YES;
				GCC_WARN_UNUSED_VARIABLE = YES;
				IPHONEOS_DEPLOYMENT_TARGET = 16.4;
				MTL_ENABLE_DEBUG_INFO = NO;
				MTL_FAST_MATH = YES;
				SDKROOT = iphoneos;
				SWIFT_COMPILATION_MODE = wholemodule;
				SWIFT_OPTIMIZATION_LEVEL = "-O";
				VALIDATE_PRODUCT = YES;
			};
			name = Release;
		};
		3DC9DF6B2A979107008E394F /* Debug */ = {
			isa = XCBuildConfiguration;
			buildSettings = {
				ASSETCATALOG_COMPILER_APPICON_NAME = AppIcon;
				ASSETCATALOG_COMPILER_GLOBAL_ACCENT_COLOR_NAME = AccentColor;
				CODE_SIGN_STYLE = Automatic;
				CURRENT_PROJECT_VERSION = 1;
				DEVELOPMENT_TEAM = WEZ4D5M6R9;
				GENERATE_INFOPLIST_FILE = YES;
				INFOPLIST_FILE = PetClassified/Info.plist;
				INFOPLIST_KEY_UIApplicationSupportsIndirectInputEvents = YES;
				INFOPLIST_KEY_UILaunchStoryboardName = LaunchScreen;
				INFOPLIST_KEY_UISupportedInterfaceOrientations = UIInterfaceOrientationPortrait;
				INFOPLIST_KEY_UISupportedInterfaceOrientations_iPad = "UIInterfaceOrientationLandscapeLeft UIInterfaceOrientationLandscapeRight UIInterfaceOrientationPortrait UIInterfaceOrientationPortraitUpsideDown";
				IPHONEOS_DEPLOYMENT_TARGET = 14.0;
				LD_RUNPATH_SEARCH_PATHS = (
					"$(inherited)",
					"@executable_path/Frameworks",
				);
				MARKETING_VERSION = 1.0;
				PRODUCT_BUNDLE_IDENTIFIER = com.VadimKuzmin.PetClassified;
				PRODUCT_NAME = "$(TARGET_NAME)";
				SUPPORTED_PLATFORMS = "iphoneos iphonesimulator";
				SUPPORTS_MACCATALYST = NO;
				SUPPORTS_MAC_DESIGNED_FOR_IPHONE_IPAD = NO;
				SWIFT_EMIT_LOC_STRINGS = YES;
				SWIFT_VERSION = 5.0;
				TARGETED_DEVICE_FAMILY = 1;
			};
			name = Debug;
		};
		3DC9DF6C2A979107008E394F /* Release */ = {
			isa = XCBuildConfiguration;
			buildSettings = {
				ASSETCATALOG_COMPILER_APPICON_NAME = AppIcon;
				ASSETCATALOG_COMPILER_GLOBAL_ACCENT_COLOR_NAME = AccentColor;
				CODE_SIGN_STYLE = Automatic;
				CURRENT_PROJECT_VERSION = 1;
				DEVELOPMENT_TEAM = WEZ4D5M6R9;
				GENERATE_INFOPLIST_FILE = YES;
				INFOPLIST_FILE = PetClassified/Info.plist;
				INFOPLIST_KEY_UIApplicationSupportsIndirectInputEvents = YES;
				INFOPLIST_KEY_UILaunchStoryboardName = LaunchScreen;
				INFOPLIST_KEY_UISupportedInterfaceOrientations = UIInterfaceOrientationPortrait;
				INFOPLIST_KEY_UISupportedInterfaceOrientations_iPad = "UIInterfaceOrientationLandscapeLeft UIInterfaceOrientationLandscapeRight UIInterfaceOrientationPortrait UIInterfaceOrientationPortraitUpsideDown";
				IPHONEOS_DEPLOYMENT_TARGET = 14.0;
				LD_RUNPATH_SEARCH_PATHS = (
					"$(inherited)",
					"@executable_path/Frameworks",
				);
				MARKETING_VERSION = 1.0;
				PRODUCT_BUNDLE_IDENTIFIER = com.VadimKuzmin.PetClassified;
				PRODUCT_NAME = "$(TARGET_NAME)";
				SUPPORTED_PLATFORMS = "iphoneos iphonesimulator";
				SUPPORTS_MACCATALYST = NO;
				SUPPORTS_MAC_DESIGNED_FOR_IPHONE_IPAD = NO;
				SWIFT_EMIT_LOC_STRINGS = YES;
				SWIFT_VERSION = 5.0;
				TARGETED_DEVICE_FAMILY = 1;
			};
			name = Release;
		};
/* End XCBuildConfiguration section */

/* Begin XCConfigurationList section */
		3DC9DF512A979106008E394F /* Build configuration list for PBXProject "PetClassified" */ = {
			isa = XCConfigurationList;
			buildConfigurations = (
				3DC9DF682A979107008E394F /* Debug */,
				3DC9DF692A979107008E394F /* Release */,
			);
			defaultConfigurationIsVisible = 0;
			defaultConfigurationName = Release;
		};
		3DC9DF6A2A979107008E394F /* Build configuration list for PBXNativeTarget "PetClassified" */ = {
			isa = XCConfigurationList;
			buildConfigurations = (
				3DC9DF6B2A979107008E394F /* Debug */,
				3DC9DF6C2A979107008E394F /* Release */,
			);
			defaultConfigurationIsVisible = 0;
			defaultConfigurationName = Release;
		};
/* End XCConfigurationList section */
	};
	rootObject = 3DC9DF4E2A979106008E394F /* Project object */;
}
